
Microsoft Visual Studio Solution File, Format Version 12.00
# Visual Studio Express 2013 for Web
VisualStudioVersion = 12.0.30723.0
MinimumVisualStudioVersion = 10.0.40219.1
Project("{FAE04EC0-301F-11D3-BF4B-00C04F79EFBC}") = "NesclPms.Domain", "NesclPms.Domain\NesclPms.Domain.csproj", "{10D6B838-D88F-4A95-ACE3-C487351ADC88}"
EndProject
Project("{FAE04EC0-301F-11D3-BF4B-00C04F79EFBC}") = "NesclPms.WebUI", "NesclPms.WebUI\NesclPms.WebUI.csproj", "{ECB59F3C-3EB2-47CF-8096-A362CCB1F2F6}"
EndProject
Project("{FAE04EC0-301F-11D3-BF4B-00C04F79EFBC}") = "NesclPms.Tests", "NesclPms.Tests\NesclPms.Tests.csproj", "{6E5CA355-2C47-40F3-8791-59F33F7D0791}"
EndProject
Global
	GlobalSection(SolutionConfigurationPlatforms) = preSolution
		Debug|Any CPU = Debug|Any CPU
		Release|Any CPU = Release|Any CPU
	EndGlobalSection
	GlobalSection(ProjectConfigurationPlatforms) = postSolution
		{10D6B838-D88F-4A95-ACE3-C487351ADC88}.Debug|Any CPU.ActiveCfg = Debug|Any CPU
		{10D6B838-D88F-4A95-ACE3-C487351ADC88}.Debug|Any CPU.Build.0 = Debug|Any CPU
		{10D6B838-D88F-4A95-ACE3-C487351ADC88}.Release|Any CPU.ActiveCfg = Release|Any CPU
		{10D6B838-D88F-4A95-ACE3-C487351ADC88}.Release|Any CPU.Build.0 = Release|Any CPU
		{ECB59F3C-3EB2-47CF-8096-A362CCB1F2F6}.Debug|Any CPU.ActiveCfg = Debug|Any CPU
		{ECB59F3C-3EB2-47CF-8096-A362CCB1F2F6}.Debug|Any CPU.Build.0 = Debug|Any CPU
		{ECB59F3C-3EB2-47CF-8096-A362CCB1F2F6}.Release|Any CPU.ActiveCfg = Release|Any CPU
		{ECB59F3C-3EB2-47CF-8096-A362CCB1F2F6}.Release|Any CPU.Build.0 = Release|Any CPU
		{6E5CA355-2C47-40F3-8791-59F33F7D0791}.Debug|Any CPU.ActiveCfg = Debug|Any CPU
		{6E5CA355-2C47-40F3-8791-59F33F7D0791}.Debug|Any CPU.Build.0 = Debug|Any CPU
		{6E5CA355-2C47-40F3-8791-59F33F7D0791}.Release|Any CPU.ActiveCfg = Release|Any CPU
		{6E5CA355-2C47-40F3-8791-59F33F7D0791}.Release|Any CPU.Build.0 = Release|Any CPU
	EndGlobalSection
	GlobalSection(SolutionProperties) = preSolution
		HideSolutionNode = FALSE
	EndGlobalSection
EndGlobal
